
Microsoft Visual Studio Solution File, Format Version 12.00
# Visual Studio Version 16
VisualStudioVersion = 16.0.31424.327
MinimumVisualStudioVersion = 10.0.40219.1
Project("{FAE04EC0-301F-11D3-BF4B-00C04F79EFBC}") = "FinalFantasy", "FinalFantasy\FinalFantasy.csproj", "{14BD53B6-1C83-4759-9331-E0C550CAE50D}"
EndProject
Global
	GlobalSection(SolutionConfigurationPlatforms) = preSolution
		Debug|Any CPU = Debug|Any CPU
		Release|Any CPU = Release|Any CPU
	EndGlobalSection
	GlobalSection(ProjectConfigurationPlatforms) = postSolution
		{14BD53B6-1C83-4759-9331-E0C550CAE50D}.Debug|Any CPU.ActiveCfg = Debug|Any CPU
		{14BD53B6-1C83-4759-9331-E0C550CAE50D}.Debug|Any CPU.Build.0 = Debug|Any CPU
		{14BD53B6-1C83-4759-9331-E0C550CAE50D}.Release|Any CPU.ActiveCfg = Release|Any CPU
		{14BD53B6-1C83-4759-9331-E0C550CAE50D}.Release|Any CPU.Build.0 = Release|Any CPU
	EndGlobalSection
	GlobalSection(SolutionProperties) = preSolution
		HideSolutionNode = FALSE
	EndGlobalSection
	GlobalSection(ExtensibilityGlobals) = postSolution
		SolutionGuid = {4C06E6F2-F19E-4282-A59A-892B2268857F}
	EndGlobalSection
EndGlobal
